<Solution>
  <Project Path="RecipeBook.Api/RecipeBook.Api.csproj" />
  <Project Path="RecipeBook.Application/RecipeBook.Application.csproj" />
  <Project Path="RecipeBook.Domain/RecipeBook.Domain.csproj" />
  <Project Path="RecipeBook.Infrastructure/RecipeBook.Infrastructure.csproj" />
  <Project Path="RecipeBook/RecipeBook.csproj" />
</Solution>
